// !$*UTF8*$!
{
	archiveVersion = 1;
	classes = {
	};
	objectVersion = 50;
	objects = {

/* Begin PBXBuildFile section */
		47081B12255D8FA300D07504 /* KATextField.swift in Sources */ = {isa = PBXBuildFile; fileRef = 47081B11255D8FA300D07504 /* KATextField.swift */; };
		47081B17255D8FE800D07504 /* Constants.swift in Sources */ = {isa = PBXBuildFile; fileRef = 47081B16255D8FE800D07504 /* Constants.swift */; };
		4758AE83255C454800FD19F6 /* AppDelegate.swift in Sources */ = {isa = PBXBuildFile; fileRef = 4758AE82255C454800FD19F6 /* AppDelegate.swift */; };
		4758AE85255C454800FD19F6 /* SceneDelegate.swift in Sources */ = {isa = PBXBuildFile; fileRef = 4758AE84255C454800FD19F6 /* SceneDelegate.swift */; };
		4758AE8C255C454900FD19F6 /* Assets.xcassets in Resources */ = {isa = PBXBuildFile; fileRef = 4758AE8B255C454900FD19F6 /* Assets.xcassets */; };
		4758AE8F255C454900FD19F6 /* LaunchScreen.storyboard in Resources */ = {isa = PBXBuildFile; fileRef = 4758AE8D255C454900FD19F6 /* LaunchScreen.storyboard */; };
		4758AEB2255C47D200FD19F6 /* UIView+Ext.swift in Sources */ = {isa = PBXBuildFile; fileRef = 4758AEB1255C47D200FD19F6 /* UIView+Ext.swift */; };
/* End PBXBuildFile section */

/* Begin PBXFileReference section */
		47081B11255D8FA300D07504 /* KATextField.swift */ = {isa = PBXFileReference; lastKnownFileType = sourcecode.swift; path = KATextField.swift; sourceTree = "<group>"; };
		47081B16255D8FE800D07504 /* Constants.swift */ = {isa = PBXFileReference; lastKnownFileType = sourcecode.swift; path = Constants.swift; sourceTree = "<group>"; };
		4758AE7F255C454800FD19F6 /* Kubet App.app */ = {isa = PBXFileReference; explicitFileType = wrapper.application; includeInIndex = 0; path = "Kubet App.app"; sourceTree = BUILT_PRODUCTS_DIR; };
		4758AE82255C454800FD19F6 /* AppDelegate.swift */ = {isa = PBXFileReference; lastKnownFileType = sourcecode.swift; path = AppDelegate.swift; sourceTree = "<group>"; };
		4758AE84255C454800FD19F6 /* SceneDelegate.swift */ = {isa = PBXFileReference; lastKnownFileType = sourcecode.swift; path = SceneDelegate.swift; sourceTree = "<group>"; };
		4758AE8B255C454900FD19F6 /* Assets.xcassets */ = {isa = PBXFileReference; lastKnownFileType = folder.assetcatalog; path = Assets.xcassets; sourceTree = "<group>"; };
		4758AE8E255C454900FD19F6 /* Base */ = {isa = PBXFileReference; lastKnownFileType = file.storyboard; name = Base; path = Base.lproj/LaunchScreen.storyboard; sourceTree = "<group>"; };
		4758AE90255C454900FD19F6 /* Info.plist */ = {isa = PBXFileReference; lastKnownFileType = text.plist.xml; path = Info.plist; sourceTree = "<group>"; };
		4758AEB1255C47D200FD19F6 /* UIView+Ext.swift */ = {isa = PBXFileReference; lastKnownFileType = sourcecode.swift; path = "UIView+Ext.swift"; sourceTree = "<group>"; };
/* End PBXFileReference section */

/* Begin PBXFrameworksBuildPhase section */
		4758AE7C255C454800FD19F6 /* Frameworks */ = {
			isa = PBXFrameworksBuildPhase;
			buildActionMask = 2147483647;
			files = (
			);
			runOnlyForDeploymentPostprocessing = 0;
		};
/* End PBXFrameworksBuildPhase section */

/* Begin PBXGroup section */
		47081B0E255D8F7000D07504 /* Custom Views */ = {
			isa = PBXGroup;
			children = (
				47081B10255D8F8C00D07504 /* Text Fields */,
			);
			name = "Custom Views";
			sourceTree = "<group>";
		};
		47081B10255D8F8C00D07504 /* Text Fields */ = {
			isa = PBXGroup;
			children = (
				47081B11255D8FA300D07504 /* KATextField.swift */,
			);
			path = "Text Fields";
			sourceTree = "<group>";
		};
		47081B15255D8FD600D07504 /* Contants */ = {
			isa = PBXGroup;
			children = (
				47081B16255D8FE800D07504 /* Constants.swift */,
			);
			path = Contants;
			sourceTree = "<group>";
		};
		4758AE76255C454800FD19F6 = {
			isa = PBXGroup;
			children = (
				4758AE81255C454800FD19F6 /* Kubet App */,
				4758AE80255C454800FD19F6 /* Products */,
			);
			sourceTree = "<group>";
		};
		4758AE80255C454800FD19F6 /* Products */ = {
			isa = PBXGroup;
			children = (
				4758AE7F255C454800FD19F6 /* Kubet App.app */,
			);
			name = Products;
			sourceTree = "<group>";
		};
		4758AE81255C454800FD19F6 /* Kubet App */ = {
			isa = PBXGroup;
			children = (
				47081B15255D8FD600D07504 /* Contants */,
				47081B0E255D8F7000D07504 /* Custom Views */,
				4758AE9C255C477E00FD19F6 /* Scene */,
				4758AE9D255C478B00FD19F6 /* Extensions */,
				4758AE9A255C476200FD19F6 /* Support Files */,
			);
			path = "Kubet App";
			sourceTree = "<group>";
		};
		4758AE9A255C476200FD19F6 /* Support Files */ = {
			isa = PBXGroup;
			children = (
				4758AE82255C454800FD19F6 /* AppDelegate.swift */,
				4758AE84255C454800FD19F6 /* SceneDelegate.swift */,
				4758AE8B255C454900FD19F6 /* Assets.xcassets */,
				4758AE8D255C454900FD19F6 /* LaunchScreen.storyboard */,
				4758AE90255C454900FD19F6 /* Info.plist */,
			);
			name = "Support Files";
			sourceTree = "<group>";
		};
		4758AE9C255C477E00FD19F6 /* Scene */ = {
			isa = PBXGroup;
			children = (
			);
			name = Scene;
			sourceTree = "<group>";
		};
		4758AE9D255C478B00FD19F6 /* Extensions */ = {
			isa = PBXGroup;
			children = (
				4758AEB1255C47D200FD19F6 /* UIView+Ext.swift */,
			);
			name = Extensions;
			sourceTree = "<group>";
		};
/* End PBXGroup section */

/* Begin PBXNativeTarget section */
		4758AE7E255C454800FD19F6 /* Kubet App */ = {
			isa = PBXNativeTarget;
			buildConfigurationList = 4758AE93255C454900FD19F6 /* Build configuration list for PBXNativeTarget "Kubet App" */;
			buildPhases = (
				4758AE7B255C454800FD19F6 /* Sources */,
				4758AE7C255C454800FD19F6 /* Frameworks */,
				4758AE7D255C454800FD19F6 /* Resources */,
			);
			buildRules = (
			);
			dependencies = (
			);
			name = "Kubet App";
			productName = "Kubet App";
			productReference = 4758AE7F255C454800FD19F6 /* Kubet App.app */;
			productType = "com.apple.product-type.application";
		};
/* End PBXNativeTarget section */

/* Begin PBXProject section */
		4758AE77255C454800FD19F6 /* Project object */ = {
			isa = PBXProject;
			attributes = {
				LastSwiftUpdateCheck = 1210;
				LastUpgradeCheck = 1210;
				TargetAttributes = {
					4758AE7E255C454800FD19F6 = {
						CreatedOnToolsVersion = 12.1;
					};
				};
			};
			buildConfigurationList = 4758AE7A255C454800FD19F6 /* Build configuration list for PBXProject "Kubet App" */;
			compatibilityVersion = "Xcode 9.3";
			developmentRegion = en;
			hasScannedForEncodings = 0;
			knownRegions = (
				en,
				Base,
			);
			mainGroup = 4758AE76255C454800FD19F6;
			productRefGroup = 4758AE80255C454800FD19F6 /* Products */;
			projectDirPath = "";
			projectRoot = "";
			targets = (
				4758AE7E255C454800FD19F6 /* Kubet App */,
			);
		};
/* End PBXProject section */

/* Begin PBXResourcesBuildPhase section */
		4758AE7D255C454800FD19F6 /* Resources */ = {
			isa = PBXResourcesBuildPhase;
			buildActionMask = 2147483647;
			files = (
				4758AE8F255C454900FD19F6 /* LaunchScreen.storyboard in Resources */,
				4758AE8C255C454900FD19F6 /* Assets.xcassets in Resources */,
			);
			runOnlyForDeploymentPostprocessing = 0;
		};
/* End PBXResourcesBuildPhase section */

/* Begin PBXSourcesBuildPhase section */
		4758AE7B255C454800FD19F6 /* Sources */ = {
			isa = PBXSourcesBuildPhase;
			buildActionMask = 2147483647;
			files = (
				47081B17255D8FE800D07504 /* Constants.swift in Sources */,
				4758AE83255C454800FD19F6 /* AppDelegate.swift in Sources */,
				47081B12255D8FA300D07504 /* KATextField.swift in Sources */,
				4758AE85255C454800FD19F6 /* SceneDelegate.swift in Sources */,
				4758AEB2255C47D200FD19F6 /* UIView+Ext.swift in Sources */,
			);
			runOnlyForDeploymentPostprocessing = 0;
		};
/* End PBXSourcesBuildPhase section */

/* Begin PBXVariantGroup section */
		4758AE8D255C454900FD19F6 /* LaunchScreen.storyboard */ = {
			isa = PBXVariantGroup;
			children = (
				4758AE8E255C454900FD19F6 /* Base */,
			);
			name = LaunchScreen.storyboard;
			sourceTree = "<group>";
		};
/* End PBXVariantGroup section */

/* Begin XCBuildConfiguration section */
		4758AE91255C454900FD19F6 /* Debug */ = {
			isa = XCBuildConfiguration;
			buildSettings = {
				ALWAYS_SEARCH_USER_PATHS = NO;
				CLANG_ANALYZER_NONNULL = YES;
				CLANG_ANALYZER_NUMBER_OBJECT_CONVERSION = YES_AGGRESSIVE;
				CLANG_CXX_LANGUAGE_STANDARD = "gnu++14";
				CLANG_CXX_LIBRARY = "libc++";
				CLANG_ENABLE_MODULES = YES;
				CLANG_ENABLE_OBJC_ARC = YES;
				CLANG_ENABLE_OBJC_WEAK = YES;
				CLANG_WARN_BLOCK_CAPTURE_AUTORELEASING = YES;
				CLANG_WARN_BOOL_CONVERSION = YES;
				CLANG_WARN_COMMA = YES;
				CLANG_WARN_CONSTANT_CONVERSION = YES;
				CLANG_WARN_DEPRECATED_OBJC_IMPLEMENTATIONS = YES;
				CLANG_WARN_DIRECT_OBJC_ISA_USAGE = YES_ERROR;
				CLANG_WARN_DOCUMENTATION_COMMENTS = YES;
				CLANG_WARN_EMPTY_BODY = YES;
				CLANG_WARN_ENUM_CONVERSION = YES;
				CLANG_WARN_INFINITE_RECURSION = YES;
				CLANG_WARN_INT_CONVERSION = YES;
				CLANG_WARN_NON_LITERAL_NULL_CONVERSION = YES;
				CLANG_WARN_OBJC_IMPLICIT_RETAIN_SELF = YES;
				CLANG_WARN_OBJC_LITERAL_CONVERSION = YES;
				CLANG_WARN_OBJC_ROOT_CLASS = YES_ERROR;
				CLANG_WARN_QUOTED_INCLUDE_IN_FRAMEWORK_HEADER = YES;
				CLANG_WARN_RANGE_LOOP_ANALYSIS = YES;
				CLANG_WARN_STRICT_PROTOTYPES = YES;
				CLANG_WARN_SUSPICIOUS_MOVE = YES;
				CLANG_WARN_UNGUARDED_AVAILABILITY = YES_AGGRESSIVE;
				CLANG_WARN_UNREACHABLE_CODE = YES;
				CLANG_WARN__DUPLICATE_METHOD_MATCH = YES;
				COPY_PHASE_STRIP = NO;
				DEBUG_INFORMATION_FORMAT = dwarf;
				ENABLE_STRICT_OBJC_MSGSEND = YES;
				ENABLE_TESTABILITY = YES;
				GCC_C_LANGUAGE_STANDARD = gnu11;
				GCC_DYNAMIC_NO_PIC = NO;
				GCC_NO_COMMON_BLOCKS = YES;
				GCC_OPTIMIZATION_LEVEL = 0;
				GCC_PREPROCESSOR_DEFINITIONS = (
					"DEBUG=1",
					"$(inherited)",
				);
				GCC_WARN_64_TO_32_BIT_CONVERSION = YES;
				GCC_WARN_ABOUT_RETURN_TYPE = YES_ERROR;
				GCC_WARN_UNDECLARED_SELECTOR = YES;
				GCC_WARN_UNINITIALIZED_AUTOS = YES_AGGRESSIVE;
				GCC_WARN_UNUSED_FUNCTION = YES;
				GCC_WARN_UNUSED_VARIABLE = YES;
				IPHONEOS_DEPLOYMENT_TARGET = 14.1;
				MTL_ENABLE_DEBUG_INFO = INCLUDE_SOURCE;
				MTL_FAST_MATH = YES;
				ONLY_ACTIVE_ARCH = YES;
				SDKROOT = iphoneos;
				SWIFT_ACTIVE_COMPILATION_CONDITIONS = DEBUG;
				SWIFT_OPTIMIZATION_LEVEL = "-Onone";
			};
			name = Debug;
		};
		4758AE92255C454900FD19F6 /* Release */ = {
			isa = XCBuildConfiguration;
			buildSettings = {
				ALWAYS_SEARCH_USER_PATHS = NO;
				CLANG_ANALYZER_NONNULL = YES;
				CLANG_ANALYZER_NUMBER_OBJECT_CONVERSION = YES_AGGRESSIVE;
				CLANG_CXX_LANGUAGE_STANDARD = "gnu++14";
				CLANG_CXX_LIBRARY = "libc++";
				CLANG_ENABLE_MODULES = YES;
				CLANG_ENABLE_OBJC_ARC = YES;
				CLANG_ENABLE_OBJC_WEAK = YES;
				CLANG_WARN_BLOCK_CAPTURE_AUTORELEASING = YES;
				CLANG_WARN_BOOL_CONVERSION = YES;
				CLANG_WARN_COMMA = YES;
				CLANG_WARN_CONSTANT_CONVERSION = YES;
				CLANG_WARN_DEPRECATED_OBJC_IMPLEMENTATIONS = YES;
				CLANG_WARN_DIRECT_OBJC_ISA_USAGE = YES_ERROR;
				CLANG_WARN_DOCUMENTATION_COMMENTS = YES;
				CLANG_WARN_EMPTY_BODY = YES;
				CLANG_WARN_ENUM_CONVERSION = YES;
				CLANG_WARN_INFINITE_RECURSION = YES;
				CLANG_WARN_INT_CONVERSION = YES;
				CLANG_WARN_NON_LITERAL_NULL_CONVERSION = YES;
				CLANG_WARN_OBJC_IMPLICIT_RETAIN_SELF = YES;
				CLANG_WARN_OBJC_LITERAL_CONVERSION = YES;
				CLANG_WARN_OBJC_ROOT_CLASS = YES_ERROR;
				CLANG_WARN_QUOTED_INCLUDE_IN_FRAMEWORK_HEADER = YES;
				CLANG_WARN_RANGE_LOOP_ANALYSIS = YES;
				CLANG_WARN_STRICT_PROTOTYPES = YES;
				CLANG_WARN_SUSPICIOUS_MOVE = YES;
				CLANG_WARN_UNGUARDED_AVAILABILITY = YES_AGGRESSIVE;
				CLANG_WARN_UNREACHABLE_CODE = YES;
				CLANG_WARN__DUPLICATE_METHOD_MATCH = YES;
				COPY_PHASE_STRIP = NO;
				DEBUG_INFORMATION_FORMAT = "dwarf-with-dsym";
				ENABLE_NS_ASSERTIONS = NO;
				ENABLE_STRICT_OBJC_MSGSEND = YES;
				GCC_C_LANGUAGE_STANDARD = gnu11;
				GCC_NO_COMMON_BLOCKS = YES;
				GCC_WARN_64_TO_32_BIT_CONVERSION = YES;
				GCC_WARN_ABOUT_RETURN_TYPE = YES_ERROR;
				GCC_WARN_UNDECLARED_SELECTOR = YES;
				GCC_WARN_UNINITIALIZED_AUTOS = YES_AGGRESSIVE;
				GCC_WARN_UNUSED_FUNCTION = YES;
				GCC_WARN_UNUSED_VARIABLE = YES;
				IPHONEOS_DEPLOYMENT_TARGET = 14.1;
				MTL_ENABLE_DEBUG_INFO = NO;
				MTL_FAST_MATH = YES;
				SDKROOT = iphoneos;
				SWIFT_COMPILATION_MODE = wholemodule;
				SWIFT_OPTIMIZATION_LEVEL = "-O";
				VALIDATE_PRODUCT = YES;
			};
			name = Release;
		};
		4758AE94255C454900FD19F6 /* Debug */ = {
			isa = XCBuildConfiguration;
			buildSettings = {
				ASSETCATALOG_COMPILER_APPICON_NAME = AppIcon;
				ASSETCATALOG_COMPILER_GLOBAL_ACCENT_COLOR_NAME = AccentColor;
				CODE_SIGN_STYLE = Automatic;
				DEVELOPMENT_TEAM = 7BXSU3YQGA;
				INFOPLIST_FILE = "Kubet App/Info.plist";
				LD_RUNPATH_SEARCH_PATHS = (
					"$(inherited)",
					"@executable_path/Frameworks",
				);
				PRODUCT_BUNDLE_IDENTIFIER = "com.castleCode.Kubet-App";
				PRODUCT_NAME = "$(TARGET_NAME)";
				SWIFT_VERSION = 5.0;
				TARGETED_DEVICE_FAMILY = 1;
			};
			name = Debug;
		};
		4758AE95255C454900FD19F6 /* Release */ = {
			isa = XCBuildConfiguration;
			buildSettings = {
				ASSETCATALOG_COMPILER_APPICON_NAME = AppIcon;
				ASSETCATALOG_COMPILER_GLOBAL_ACCENT_COLOR_NAME = AccentColor;
				CODE_SIGN_STYLE = Automatic;
				DEVELOPMENT_TEAM = 7BXSU3YQGA;
				INFOPLIST_FILE = "Kubet App/Info.plist";
				LD_RUNPATH_SEARCH_PATHS = (
					"$(inherited)",
					"@executable_path/Frameworks",
				);
				PRODUCT_BUNDLE_IDENTIFIER = "com.castleCode.Kubet-App";
				PRODUCT_NAME = "$(TARGET_NAME)";
				SWIFT_VERSION = 5.0;
				TARGETED_DEVICE_FAMILY = 1;
			};
			name = Release;
		};
/* End XCBuildConfiguration section */

/* Begin XCConfigurationList section */
		4758AE7A255C454800FD19F6 /* Build configuration list for PBXProject "Kubet App" */ = {
			isa = XCConfigurationList;
			buildConfigurations = (
				4758AE91255C454900FD19F6 /* Debug */,
				4758AE92255C454900FD19F6 /* Release */,
			);
			defaultConfigurationIsVisible = 0;
			defaultConfigurationName = Release;
		};
		4758AE93255C454900FD19F6 /* Build configuration list for PBXNativeTarget "Kubet App" */ = {
			isa = XCConfigurationList;
			buildConfigurations = (
				4758AE94255C454900FD19F6 /* Debug */,
				4758AE95255C454900FD19F6 /* Release */,
			);
			defaultConfigurationIsVisible = 0;
			defaultConfigurationName = Release;
		};
/* End XCConfigurationList section */
	};
	rootObject = 4758AE77255C454800FD19F6 /* Project object */;
}
